{
  "name": "blocks-os",
  "lockfileVersion": 3,
  "requires": true,
  "packages": {
    "": {
      "dependencies": {
        "@seliseblocks/mailcraft": "^0.2.18"
      }
    },
    "node_modules/@seliseblocks/mailcraft": {
      "version": "0.2.18",
      "resolved": "https://registry.npmjs.org/@seliseblocks/mailcraft/-/mailcraft-0.2.18.tgz",
      "integrity": "sha512-dXHzTdQF0ZW02memtQeqzoUWttl3MZac0zfCcLgvjTXH2hHwZYU4bWTj/sY6nll1+ip3ue5hyf7j0uFcB0iKpA==",
      "license": "MIT",
      "engines": {
        "node": ">=18"
      }
    }
  }
}
