Microsoft Visual Studio Solution File, Format Version 12.00
# Visual Studio Version 18
VisualStudioVersion = 18.5.11801.241
MinimumVisualStudioVersion = 10.0.40219.1
Project("{FAE04EC0-301F-11D3-BF4B-00C04F79EFBC}") = "Api", "Api\Api.csproj", "{B1A4F0E2-9E3D-4F6E-9F1D-2C7A8B3D4E5F}"
EndProject
Project("{FAE04EC0-301F-11D3-BF4B-00C04F79EFBC}") = "Cloud.DomainService", "Cloud.DomainService\Cloud.DomainService.csproj", "{27FDD39A-ED6E-41F3-A08C-4569C01563D4}"
EndProject
Project("{FAE04EC0-301F-11D3-BF4B-00C04F79EFBC}") = "Cloud.LmtService", "Cloud.LmtService\Cloud.LmtService.csproj", "{B798BDE8-DE5E-4449-9CB9-C5C9B2EF519B}"
EndProject
Project("{FAE04EC0-301F-11D3-BF4B-00C04F79EFBC}") = "Configuration.DomainService", "Configuration.DomainService\Configuration.DomainService.csproj", "{5DB8EE31-1C0F-467A-BB1B-D010A824B305}"
EndProject
Project("{FAE04EC0-301F-11D3-BF4B-00C04F79EFBC}") = "Identifier.DomainService", "Identifier.DomainService\Identifier.DomainService.csproj", "{A0E1C5B2-3D7F-4E8A-9C2B-1D3E5F7A8B6C}"
EndProject
Project("{FAE04EC0-301F-11D3-BF4B-00C04F79EFBC}") = "Blocks.Secrets", "Blocks.Secrets\Blocks.Secrets.csproj", "{B6059FF5-9775-449C-B1FF-3A64338EE404}"
EndProject
Project("{FAE04EC0-301F-11D3-BF4B-00C04F79EFBC}") = "Worker", "Worker\Worker.csproj", "{C2D4A6F8-1B3E-4F7A-9D5C-3E8B6F2A1D4C}"
EndProject
Project("{FAE04EC0-301F-11D3-BF4B-00C04F79EFBC}") = "XUnitTest", "XUnitTest\XUnitTest.csproj", "{D4B5E1A2-7C8F-4A9B-8E6D-2F1C3A5B7D9E}"
EndProject
Project("{FAE04EC0-301F-11D3-BF4B-00C04F79EFBC}") = "LmtManagedServiceWorker", "LmtManagedServiceWorker\LmtManagedServiceWorker.csproj", "{DC832562-EFBA-454D-A3D1-F2E96276649F}"
EndProject
Global
	GlobalSection(SolutionConfigurationPlatforms) = preSolution
		Debug|Any CPU = Debug|Any CPU
		Release|Any CPU = Release|Any CPU
	EndGlobalSection
	GlobalSection(ProjectConfigurationPlatforms) = postSolution
		{B1A4F0E2-9E3D-4F6E-9F1D-2C7A8B3D4E5F}.Debug|Any CPU.ActiveCfg = Debug|Any CPU
		{B1A4F0E2-9E3D-4F6E-9F1D-2C7A8B3D4E5F}.Debug|Any CPU.Build.0 = Debug|Any CPU
		{B1A4F0E2-9E3D-4F6E-9F1D-2C7A8B3D4E5F}.Release|Any CPU.ActiveCfg = Release|Any CPU
		{B1A4F0E2-9E3D-4F6E-9F1D-2C7A8B3D4E5F}.Release|Any CPU.Build.0 = Release|Any CPU
		{27FDD39A-ED6E-41F3-A08C-4569C01563D4}.Debug|Any CPU.ActiveCfg = Debug|Any CPU
		{27FDD39A-ED6E-41F3-A08C-4569C01563D4}.Debug|Any CPU.Build.0 = Debug|Any CPU
		{27FDD39A-ED6E-41F3-A08C-4569C01563D4}.Release|Any CPU.ActiveCfg = Release|Any CPU
		{27FDD39A-ED6E-41F3-A08C-4569C01563D4}.Release|Any CPU.Build.0 = Release|Any CPU
		{B798BDE8-DE5E-4449-9CB9-C5C9B2EF519B}.Debug|Any CPU.ActiveCfg = Debug|Any CPU
		{B798BDE8-DE5E-4449-9CB9-C5C9B2EF519B}.Debug|Any CPU.Build.0 = Debug|Any CPU
		{B798BDE8-DE5E-4449-9CB9-C5C9B2EF519B}.Release|Any CPU.ActiveCfg = Release|Any CPU
		{B798BDE8-DE5E-4449-9CB9-C5C9B2EF519B}.Release|Any CPU.Build.0 = Release|Any CPU
		{5DB8EE31-1C0F-467A-BB1B-D010A824B305}.Debug|Any CPU.ActiveCfg = Debug|Any CPU
		{5DB8EE31-1C0F-467A-BB1B-D010A824B305}.Debug|Any CPU.Build.0 = Debug|Any CPU
		{5DB8EE31-1C0F-467A-BB1B-D010A824B305}.Release|Any CPU.ActiveCfg = Release|Any CPU
		{5DB8EE31-1C0F-467A-BB1B-D010A824B305}.Release|Any CPU.Build.0 = Release|Any CPU
		{A0E1C5B2-3D7F-4E8A-9C2B-1D3E5F7A8B6C}.Debug|Any CPU.ActiveCfg = Debug|Any CPU
		{A0E1C5B2-3D7F-4E8A-9C2B-1D3E5F7A8B6C}.Debug|Any CPU.Build.0 = Debug|Any CPU
		{A0E1C5B2-3D7F-4E8A-9C2B-1D3E5F7A8B6C}.Release|Any CPU.ActiveCfg = Release|Any CPU
		{A0E1C5B2-3D7F-4E8A-9C2B-1D3E5F7A8B6C}.Release|Any CPU.Build.0 = Release|Any CPU
		{B6059FF5-9775-449C-B1FF-3A64338EE404}.Debug|Any CPU.ActiveCfg = Debug|Any CPU
		{B6059FF5-9775-449C-B1FF-3A64338EE404}.Debug|Any CPU.Build.0 = Debug|Any CPU
		{B6059FF5-9775-449C-B1FF-3A64338EE404}.Release|Any CPU.ActiveCfg = Release|Any CPU
		{B6059FF5-9775-449C-B1FF-3A64338EE404}.Release|Any CPU.Build.0 = Release|Any CPU
		{C2D4A6F8-1B3E-4F7A-9D5C-3E8B6F2A1D4C}.Debug|Any CPU.ActiveCfg = Debug|Any CPU
		{C2D4A6F8-1B3E-4F7A-9D5C-3E8B6F2A1D4C}.Debug|Any CPU.Build.0 = Debug|Any CPU
		{C2D4A6F8-1B3E-4F7A-9D5C-3E8B6F2A1D4C}.Release|Any CPU.ActiveCfg = Release|Any CPU
		{C2D4A6F8-1B3E-4F7A-9D5C-3E8B6F2A1D4C}.Release|Any CPU.Build.0 = Release|Any CPU
		{D4B5E1A2-7C8F-4A9B-8E6D-2F1C3A5B7D9E}.Debug|Any CPU.ActiveCfg = Debug|Any CPU
		{D4B5E1A2-7C8F-4A9B-8E6D-2F1C3A5B7D9E}.Debug|Any CPU.Build.0 = Debug|Any CPU
		{D4B5E1A2-7C8F-4A9B-8E6D-2F1C3A5B7D9E}.Release|Any CPU.ActiveCfg = Release|Any CPU
		{D4B5E1A2-7C8F-4A9B-8E6D-2F1C3A5B7D9E}.Release|Any CPU.Build.0 = Release|Any CPU
		{DC832562-EFBA-454D-A3D1-F2E96276649F}.Debug|Any CPU.ActiveCfg = Debug|Any CPU
		{DC832562-EFBA-454D-A3D1-F2E96276649F}.Debug|Any CPU.Build.0 = Debug|Any CPU
		{DC832562-EFBA-454D-A3D1-F2E96276649F}.Release|Any CPU.ActiveCfg = Release|Any CPU
		{DC832562-EFBA-454D-A3D1-F2E96276649F}.Release|Any CPU.Build.0 = Release|Any CPU
	EndGlobalSection
	GlobalSection(SolutionProperties) = preSolution
		HideSolutionNode = FALSE
	EndGlobalSection
	GlobalSection(ExtensibilityGlobals) = postSolution
		SolutionGuid = {9F63DF00-CDB9-4555-98AD-E206014D66BB}
	EndGlobalSection
EndGlobal
